
Microsoft Visual Studio Solution File, Format Version 12.00
# Visual Studio Version 16
VisualStudioVersion = 16.0.29926.136
MinimumVisualStudioVersion = 10.0.40219.1
Project("{9A19103F-16F7-4668-BE54-9A1E7A4F7556}") = "Filmstan", "Filmstan\Filmstan.csproj", "{CD48492D-926A-4CE5-B983-E67B3A5991DD}"
EndProject
Project("{2150E333-8FDC-42A3-9474-1A3956D46DE8}") = "src", "src", "{D527165C-12E8-4262-96C5-2B5D62EBD788}"
EndProject
Project("{2150E333-8FDC-42A3-9474-1A3956D46DE8}") = "test", "test", "{420F3F1E-B109-45B3-946B-1B5F34E17C59}"
EndProject
Project("{2150E333-8FDC-42A3-9474-1A3956D46DE8}") = "Presentation", "Presentation", "{2424F0E1-A548-4A68-BA2B-74F834AD8F32}"
EndProject
Project("{2150E333-8FDC-42A3-9474-1A3956D46DE8}") = "Domain", "Domain", "{9B9B8DB0-92FA-42BD-804B-5A05D80A5690}"
EndProject
Project("{9A19103F-16F7-4668-BE54-9A1E7A4F7556}") = "Domain.Core", "Domain.Core\Domain.Core.csproj", "{114845E3-EF7A-4421-A968-6E66DD41486F}"
EndProject
Project("{9A19103F-16F7-4668-BE54-9A1E7A4F7556}") = "Domain.Aggregate", "Domain.Aggregate\Domain.Aggregate.csproj", "{D28ECCB4-699A-4D73-87AE-01335D72801E}"
EndProject
Project("{2150E333-8FDC-42A3-9474-1A3956D46DE8}") = "Services", "Services", "{871E3149-9029-4780-ACD3-628CFC5EF18E}"
EndProject
Project("{2150E333-8FDC-42A3-9474-1A3956D46DE8}") = "Commands", "Commands", "{EE58882E-4FA6-44A8-A31B-0AB9997DA2D8}"
EndProject
Project("{2150E333-8FDC-42A3-9474-1A3956D46DE8}") = "Queries", "Queries", "{F883AAA5-5647-4FDF-ADF6-735910CB6175}"
EndProject
Project("{2150E333-8FDC-42A3-9474-1A3956D46DE8}") = "Behaviors", "Behaviors", "{628F34A1-E3A4-4E0A-A75A-9D7FFD8F2EB6}"
EndProject
Project("{2150E333-8FDC-42A3-9474-1A3956D46DE8}") = "Events", "Events", "{39AA1D60-D264-49A3-AB84-F1B83064F7A9}"
EndProject
Project("{2150E333-8FDC-42A3-9474-1A3956D46DE8}") = "infrastructure", "infrastructure", "{9D716190-1817-45A4-9D43-4052CA0140DC}"
EndProject
Project("{9A19103F-16F7-4668-BE54-9A1E7A4F7556}") = "Common", "Common\Common.csproj", "{9738806C-C3A5-4E4E-BD20-0A4B9F4CA3A6}"
EndProject
Project("{9A19103F-16F7-4668-BE54-9A1E7A4F7556}") = "Framework", "Framework\Framework.csproj", "{A544EE21-9D90-4640-A28F-CA1EA915B3B1}"
EndProject
Project("{9A19103F-16F7-4668-BE54-9A1E7A4F7556}") = "BehaviorHandler", "Behavior\BehaviorHandler.csproj", "{D09CFAFE-4B1C-48BA-926F-D6BAE9AED8E2}"
EndProject
Project("{9A19103F-16F7-4668-BE54-9A1E7A4F7556}") = "Command", "Command\Command.csproj", "{257562BD-34AB-4236-99BE-B74CF02F8044}"
EndProject
Project("{9A19103F-16F7-4668-BE54-9A1E7A4F7556}") = "CommandHandler", "CommandHandler\CommandHandler.csproj", "{F28949CB-EC7F-41D0-A604-622980128F62}"
EndProject
Project("{9A19103F-16F7-4668-BE54-9A1E7A4F7556}") = "Event", "Event\Event.csproj", "{8C28EA83-5B5A-49E7-BE32-F39C7FFC18DD}"
EndProject
Project("{9A19103F-16F7-4668-BE54-9A1E7A4F7556}") = "EventHandler", "EventHandler\EventHandler.csproj", "{93425AD0-A042-4D05-A070-315CB55AB36B}"
EndProject
Project("{9A19103F-16F7-4668-BE54-9A1E7A4F7556}") = "Query", "Query\Query.csproj", "{DBA53F08-4DFC-4E9E-905F-042457C64607}"
EndProject
Project("{9A19103F-16F7-4668-BE54-9A1E7A4F7556}") = "QueryHandler", "QueryHandler\QueryHandler.csproj", "{9607ACA1-D57F-4516-B400-7B0E50E97DA1}"
EndProject
Project("{9A19103F-16F7-4668-BE54-9A1E7A4F7556}") = "DataTransfer", "DataTransfer\DataTransfer.csproj", "{4A2E7449-B4D3-4432-8870-23F64843BF60}"
EndProject
Project("{2150E333-8FDC-42A3-9474-1A3956D46DE8}") = "SiteService", "SiteService", "{1068AD9F-F66B-460E-9E4D-6159E1E5236E}"
EndProject
Project("{9A19103F-16F7-4668-BE54-9A1E7A4F7556}") = "SiteService", "SiteService\SiteService.csproj", "{1AE15D0E-98FB-4F14-8719-777089F23278}"
EndProject
Project("{9A19103F-16F7-4668-BE54-9A1E7A4F7556}") = "DAL.EF", "DAL.EF\DAL.EF.csproj", "{CEDCB0D5-1CB3-4B57-8E42-95AC2BE57154}"
EndProject
Project("{9A19103F-16F7-4668-BE54-9A1E7A4F7556}") = "DAL.Dapper", "DAL.Dapper\DAL.Dapper.csproj", "{DD106A5A-3DBE-4F0A-AEFD-3BAE1423B3B2}"
EndProject
Project("{9A19103F-16F7-4668-BE54-9A1E7A4F7556}") = "DAL.Mongo", "DAL.Mongo\DAL.Mongo.csproj", "{169C95B1-A87C-4A83-A3D8-F821EAC09087}"
EndProject
Project("{FAE04EC0-301F-11D3-BF4B-00C04F79EFBC}") = "Localization", "Resources\Localization.csproj", "{00CA9F46-5248-4A8D-BB33-26CAE8A4F094}"
EndProject
Global
	GlobalSection(SolutionConfigurationPlatforms) = preSolution
		Debug|Any CPU = Debug|Any CPU
		Release|Any CPU = Release|Any CPU
	EndGlobalSection
	GlobalSection(ProjectConfigurationPlatforms) = postSolution
		{CD48492D-926A-4CE5-B983-E67B3A5991DD}.Debug|Any CPU.ActiveCfg = Debug|Any CPU
		{CD48492D-926A-4CE5-B983-E67B3A5991DD}.Debug|Any CPU.Build.0 = Debug|Any CPU
		{CD48492D-926A-4CE5-B983-E67B3A5991DD}.Release|Any CPU.ActiveCfg = Release|Any CPU
		{CD48492D-926A-4CE5-B983-E67B3A5991DD}.Release|Any CPU.Build.0 = Release|Any CPU
		{114845E3-EF7A-4421-A968-6E66DD41486F}.Debug|Any CPU.ActiveCfg = Debug|Any CPU
		{114845E3-EF7A-4421-A968-6E66DD41486F}.Debug|Any CPU.Build.0 = Debug|Any CPU
		{114845E3-EF7A-4421-A968-6E66DD41486F}.Release|Any CPU.ActiveCfg = Release|Any CPU
		{114845E3-EF7A-4421-A968-6E66DD41486F}.Release|Any CPU.Build.0 = Release|Any CPU
		{D28ECCB4-699A-4D73-87AE-01335D72801E}.Debug|Any CPU.ActiveCfg = Debug|Any CPU
		{D28ECCB4-699A-4D73-87AE-01335D72801E}.Debug|Any CPU.Build.0 = Debug|Any CPU
		{D28ECCB4-699A-4D73-87AE-01335D72801E}.Release|Any CPU.ActiveCfg = Release|Any CPU
		{D28ECCB4-699A-4D73-87AE-01335D72801E}.Release|Any CPU.Build.0 = Release|Any CPU
		{9738806C-C3A5-4E4E-BD20-0A4B9F4CA3A6}.Debug|Any CPU.ActiveCfg = Debug|Any CPU
		{9738806C-C3A5-4E4E-BD20-0A4B9F4CA3A6}.Debug|Any CPU.Build.0 = Debug|Any CPU
		{9738806C-C3A5-4E4E-BD20-0A4B9F4CA3A6}.Release|Any CPU.ActiveCfg = Release|Any CPU
		{9738806C-C3A5-4E4E-BD20-0A4B9F4CA3A6}.Release|Any CPU.Build.0 = Release|Any CPU
		{A544EE21-9D90-4640-A28F-CA1EA915B3B1}.Debug|Any CPU.ActiveCfg = Debug|Any CPU
		{A544EE21-9D90-4640-A28F-CA1EA915B3B1}.Debug|Any CPU.Build.0 = Debug|Any CPU
		{A544EE21-9D90-4640-A28F-CA1EA915B3B1}.Release|Any CPU.ActiveCfg = Release|Any CPU
		{A544EE21-9D90-4640-A28F-CA1EA915B3B1}.Release|Any CPU.Build.0 = Release|Any CPU
		{D09CFAFE-4B1C-48BA-926F-D6BAE9AED8E2}.Debug|Any CPU.ActiveCfg = Debug|Any CPU
		{D09CFAFE-4B1C-48BA-926F-D6BAE9AED8E2}.Debug|Any CPU.Build.0 = Debug|Any CPU
		{D09CFAFE-4B1C-48BA-926F-D6BAE9AED8E2}.Release|Any CPU.ActiveCfg = Release|Any CPU
		{D09CFAFE-4B1C-48BA-926F-D6BAE9AED8E2}.Release|Any CPU.Build.0 = Release|Any CPU
		{257562BD-34AB-4236-99BE-B74CF02F8044}.Debug|Any CPU.ActiveCfg = Debug|Any CPU
		{257562BD-34AB-4236-99BE-B74CF02F8044}.Debug|Any CPU.Build.0 = Debug|Any CPU
		{257562BD-34AB-4236-99BE-B74CF02F8044}.Release|Any CPU.ActiveCfg = Release|Any CPU
		{257562BD-34AB-4236-99BE-B74CF02F8044}.Release|Any CPU.Build.0 = Release|Any CPU
		{F28949CB-EC7F-41D0-A604-622980128F62}.Debug|Any CPU.ActiveCfg = Debug|Any CPU
		{F28949CB-EC7F-41D0-A604-622980128F62}.Debug|Any CPU.Build.0 = Debug|Any CPU
		{F28949CB-EC7F-41D0-A604-622980128F62}.Release|Any CPU.ActiveCfg = Release|Any CPU
		{F28949CB-EC7F-41D0-A604-622980128F62}.Release|Any CPU.Build.0 = Release|Any CPU
		{8C28EA83-5B5A-49E7-BE32-F39C7FFC18DD}.Debug|Any CPU.ActiveCfg = Debug|Any CPU
		{8C28EA83-5B5A-49E7-BE32-F39C7FFC18DD}.Debug|Any CPU.Build.0 = Debug|Any CPU
		{8C28EA83-5B5A-49E7-BE32-F39C7FFC18DD}.Release|Any CPU.ActiveCfg = Release|Any CPU
		{8C28EA83-5B5A-49E7-BE32-F39C7FFC18DD}.Release|Any CPU.Build.0 = Release|Any CPU
		{93425AD0-A042-4D05-A070-315CB55AB36B}.Debug|Any CPU.ActiveCfg = Debug|Any CPU
		{93425AD0-A042-4D05-A070-315CB55AB36B}.Debug|Any CPU.Build.0 = Debug|Any CPU
		{93425AD0-A042-4D05-A070-315CB55AB36B}.Release|Any CPU.ActiveCfg = Release|Any CPU
		{93425AD0-A042-4D05-A070-315CB55AB36B}.Release|Any CPU.Build.0 = Release|Any CPU
		{DBA53F08-4DFC-4E9E-905F-042457C64607}.Debug|Any CPU.ActiveCfg = Debug|Any CPU
		{DBA53F08-4DFC-4E9E-905F-042457C64607}.Debug|Any CPU.Build.0 = Debug|Any CPU
		{DBA53F08-4DFC-4E9E-905F-042457C64607}.Release|Any CPU.ActiveCfg = Release|Any CPU
		{DBA53F08-4DFC-4E9E-905F-042457C64607}.Release|Any CPU.Build.0 = Release|Any CPU
		{9607ACA1-D57F-4516-B400-7B0E50E97DA1}.Debug|Any CPU.ActiveCfg = Debug|Any CPU
		{9607ACA1-D57F-4516-B400-7B0E50E97DA1}.Debug|Any CPU.Build.0 = Debug|Any CPU
		{9607ACA1-D57F-4516-B400-7B0E50E97DA1}.Release|Any CPU.ActiveCfg = Release|Any CPU
		{9607ACA1-D57F-4516-B400-7B0E50E97DA1}.Release|Any CPU.Build.0 = Release|Any CPU
		{4A2E7449-B4D3-4432-8870-23F64843BF60}.Debug|Any CPU.ActiveCfg = Debug|Any CPU
		{4A2E7449-B4D3-4432-8870-23F64843BF60}.Debug|Any CPU.Build.0 = Debug|Any CPU
		{4A2E7449-B4D3-4432-8870-23F64843BF60}.Release|Any CPU.ActiveCfg = Release|Any CPU
		{4A2E7449-B4D3-4432-8870-23F64843BF60}.Release|Any CPU.Build.0 = Release|Any CPU
		{1AE15D0E-98FB-4F14-8719-777089F23278}.Debug|Any CPU.ActiveCfg = Debug|Any CPU
		{1AE15D0E-98FB-4F14-8719-777089F23278}.Debug|Any CPU.Build.0 = Debug|Any CPU
		{1AE15D0E-98FB-4F14-8719-777089F23278}.Release|Any CPU.ActiveCfg = Release|Any CPU
		{1AE15D0E-98FB-4F14-8719-777089F23278}.Release|Any CPU.Build.0 = Release|Any CPU
		{CEDCB0D5-1CB3-4B57-8E42-95AC2BE57154}.Debug|Any CPU.ActiveCfg = Debug|Any CPU
		{CEDCB0D5-1CB3-4B57-8E42-95AC2BE57154}.Debug|Any CPU.Build.0 = Debug|Any CPU
		{CEDCB0D5-1CB3-4B57-8E42-95AC2BE57154}.Release|Any CPU.ActiveCfg = Release|Any CPU
		{CEDCB0D5-1CB3-4B57-8E42-95AC2BE57154}.Release|Any CPU.Build.0 = Release|Any CPU
		{DD106A5A-3DBE-4F0A-AEFD-3BAE1423B3B2}.Debug|Any CPU.ActiveCfg = Debug|Any CPU
		{DD106A5A-3DBE-4F0A-AEFD-3BAE1423B3B2}.Debug|Any CPU.Build.0 = Debug|Any CPU
		{DD106A5A-3DBE-4F0A-AEFD-3BAE1423B3B2}.Release|Any CPU.ActiveCfg = Release|Any CPU
		{DD106A5A-3DBE-4F0A-AEFD-3BAE1423B3B2}.Release|Any CPU.Build.0 = Release|Any CPU
		{169C95B1-A87C-4A83-A3D8-F821EAC09087}.Debug|Any CPU.ActiveCfg = Debug|Any CPU
		{169C95B1-A87C-4A83-A3D8-F821EAC09087}.Debug|Any CPU.Build.0 = Debug|Any CPU
		{169C95B1-A87C-4A83-A3D8-F821EAC09087}.Release|Any CPU.ActiveCfg = Release|Any CPU
		{169C95B1-A87C-4A83-A3D8-F821EAC09087}.Release|Any CPU.Build.0 = Release|Any CPU
		{00CA9F46-5248-4A8D-BB33-26CAE8A4F094}.Debug|Any CPU.ActiveCfg = Debug|Any CPU
		{00CA9F46-5248-4A8D-BB33-26CAE8A4F094}.Debug|Any CPU.Build.0 = Debug|Any CPU
		{00CA9F46-5248-4A8D-BB33-26CAE8A4F094}.Release|Any CPU.ActiveCfg = Release|Any CPU
		{00CA9F46-5248-4A8D-BB33-26CAE8A4F094}.Release|Any CPU.Build.0 = Release|Any CPU
	EndGlobalSection
	GlobalSection(SolutionProperties) = preSolution
		HideSolutionNode = FALSE
	EndGlobalSection
	GlobalSection(NestedProjects) = preSolution
		{CD48492D-926A-4CE5-B983-E67B3A5991DD} = {2424F0E1-A548-4A68-BA2B-74F834AD8F32}
		{2424F0E1-A548-4A68-BA2B-74F834AD8F32} = {D527165C-12E8-4262-96C5-2B5D62EBD788}
		{9B9B8DB0-92FA-42BD-804B-5A05D80A5690} = {D527165C-12E8-4262-96C5-2B5D62EBD788}
		{114845E3-EF7A-4421-A968-6E66DD41486F} = {9B9B8DB0-92FA-42BD-804B-5A05D80A5690}
		{D28ECCB4-699A-4D73-87AE-01335D72801E} = {9B9B8DB0-92FA-42BD-804B-5A05D80A5690}
		{871E3149-9029-4780-ACD3-628CFC5EF18E} = {D527165C-12E8-4262-96C5-2B5D62EBD788}
		{EE58882E-4FA6-44A8-A31B-0AB9997DA2D8} = {871E3149-9029-4780-ACD3-628CFC5EF18E}
		{F883AAA5-5647-4FDF-ADF6-735910CB6175} = {871E3149-9029-4780-ACD3-628CFC5EF18E}
		{628F34A1-E3A4-4E0A-A75A-9D7FFD8F2EB6} = {871E3149-9029-4780-ACD3-628CFC5EF18E}
		{39AA1D60-D264-49A3-AB84-F1B83064F7A9} = {871E3149-9029-4780-ACD3-628CFC5EF18E}
		{9D716190-1817-45A4-9D43-4052CA0140DC} = {D527165C-12E8-4262-96C5-2B5D62EBD788}
		{9738806C-C3A5-4E4E-BD20-0A4B9F4CA3A6} = {9D716190-1817-45A4-9D43-4052CA0140DC}
		{A544EE21-9D90-4640-A28F-CA1EA915B3B1} = {9D716190-1817-45A4-9D43-4052CA0140DC}
		{D09CFAFE-4B1C-48BA-926F-D6BAE9AED8E2} = {628F34A1-E3A4-4E0A-A75A-9D7FFD8F2EB6}
		{257562BD-34AB-4236-99BE-B74CF02F8044} = {EE58882E-4FA6-44A8-A31B-0AB9997DA2D8}
		{F28949CB-EC7F-41D0-A604-622980128F62} = {EE58882E-4FA6-44A8-A31B-0AB9997DA2D8}
		{8C28EA83-5B5A-49E7-BE32-F39C7FFC18DD} = {39AA1D60-D264-49A3-AB84-F1B83064F7A9}
		{93425AD0-A042-4D05-A070-315CB55AB36B} = {39AA1D60-D264-49A3-AB84-F1B83064F7A9}
		{DBA53F08-4DFC-4E9E-905F-042457C64607} = {F883AAA5-5647-4FDF-ADF6-735910CB6175}
		{9607ACA1-D57F-4516-B400-7B0E50E97DA1} = {F883AAA5-5647-4FDF-ADF6-735910CB6175}
		{4A2E7449-B4D3-4432-8870-23F64843BF60} = {9D716190-1817-45A4-9D43-4052CA0140DC}
		{1068AD9F-F66B-460E-9E4D-6159E1E5236E} = {871E3149-9029-4780-ACD3-628CFC5EF18E}
		{1AE15D0E-98FB-4F14-8719-777089F23278} = {1068AD9F-F66B-460E-9E4D-6159E1E5236E}
		{CEDCB0D5-1CB3-4B57-8E42-95AC2BE57154} = {9D716190-1817-45A4-9D43-4052CA0140DC}
		{DD106A5A-3DBE-4F0A-AEFD-3BAE1423B3B2} = {9D716190-1817-45A4-9D43-4052CA0140DC}
		{169C95B1-A87C-4A83-A3D8-F821EAC09087} = {9D716190-1817-45A4-9D43-4052CA0140DC}
		{00CA9F46-5248-4A8D-BB33-26CAE8A4F094} = {1068AD9F-F66B-460E-9E4D-6159E1E5236E}
	EndGlobalSection
	GlobalSection(ExtensibilityGlobals) = postSolution
		SolutionGuid = {77044537-6D8F-4F4F-8A0C-9A173BA7D9E1}
	EndGlobalSection
EndGlobal
